
Microsoft Visual Studio Solution File, Format Version 12.00
# Visual Studio Version 16
VisualStudioVersion = 16.0.33529.622
MinimumVisualStudioVersion = 10.0.40219.1
Project("{FAE04EC0-301F-11D3-BF4B-00C04F79EFBC}") = "VoucherV1", "VoucherV1.csproj", "{539CDC91-38B2-4A26-912E-00E90AF8DB98}"
EndProject
Project("{54435603-DBB4-11D2-8724-00A0C9A8B90C}") = "VoucherSystV1", "..\VoucherSystV1\VoucherSystV1.vdproj", "{779D42A1-C353-440A-A0D9-D96AB938CC68}"
EndProject
Global
	GlobalSection(SolutionConfigurationPlatforms) = preSolution
		Debug|Any CPU = Debug|Any CPU
		Release|Any CPU = Release|Any CPU
	EndGlobalSection
	GlobalSection(ProjectConfigurationPlatforms) = postSolution
		{539CDC91-38B2-4A26-912E-00E90AF8DB98}.Debug|Any CPU.ActiveCfg = Debug|Any CPU
		{539CDC91-38B2-4A26-912E-00E90AF8DB98}.Debug|Any CPU.Build.0 = Debug|Any CPU
		{539CDC91-38B2-4A26-912E-00E90AF8DB98}.Release|Any CPU.ActiveCfg = Release|Any CPU
		{539CDC91-38B2-4A26-912E-00E90AF8DB98}.Release|Any CPU.Build.0 = Release|Any CPU
		{779D42A1-C353-440A-A0D9-D96AB938CC68}.Debug|Any CPU.ActiveCfg = Debug
		{779D42A1-C353-440A-A0D9-D96AB938CC68}.Debug|Any CPU.Build.0 = Debug
		{779D42A1-C353-440A-A0D9-D96AB938CC68}.Release|Any CPU.ActiveCfg = Release
		{779D42A1-C353-440A-A0D9-D96AB938CC68}.Release|Any CPU.Build.0 = Release
	EndGlobalSection
	GlobalSection(SolutionProperties) = preSolution
		HideSolutionNode = FALSE
	EndGlobalSection
	GlobalSection(ExtensibilityGlobals) = postSolution
		SolutionGuid = {F164ABEE-00CB-40E9-98DD-533B93A8C37D}
	EndGlobalSection
EndGlobal
